Microsoft Visual Studio Solution File, Format Version 12.00
# Visual Studio 15
VisualStudioVersion = 15.0.27110.0
MinimumVisualStudioVersion = 15.0.26124.0
Project("{2150E333-8FDC-42A3-9474-1A3956D46DE8}") = "src", "src", "{FA986FAB-AD52-40C9-B8F7-02C81E6FBB5E}"
EndProject
Project("{9A19103F-16F7-4668-BE54-9A1E7A4F7556}") = "WebSocketsNetworkTest", "src\WebSocketsNetworkTest\WebSocketsNetworkTest.csproj", "{8FE8379A-19E7-4EDA-B6FC-305099252C0A}"
EndProject
Project("{E53339B2-1760-4266-BCC7-CA923CBCF16C}") = "docker-compose", "docker-compose.dcproj", "{5B19A998-72D2-494C-83AA-7A8AF2A7D02E}"
EndProject
Global
	GlobalSection(SolutionConfigurationPlatforms) = preSolution
		Debug|Any CPU = Debug|Any CPU
		Debug|x64 = Debug|x64
		Debug|x86 = Debug|x86
		Release|Any CPU = Release|Any CPU
		Release|x64 = Release|x64
		Release|x86 = Release|x86
	EndGlobalSection
	GlobalSection(ProjectConfigurationPlatforms) = postSolution
		{8FE8379A-19E7-4EDA-B6FC-305099252C0A}.Debug|Any CPU.ActiveCfg = Debug|Any CPU
		{8FE8379A-19E7-4EDA-B6FC-305099252C0A}.Debug|Any CPU.Build.0 = Debug|Any CPU
		{8FE8379A-19E7-4EDA-B6FC-305099252C0A}.Debug|x64.ActiveCfg = Debug|Any CPU
		{8FE8379A-19E7-4EDA-B6FC-305099252C0A}.Debug|x64.Build.0 = Debug|Any CPU
		{8FE8379A-19E7-4EDA-B6FC-305099252C0A}.Debug|x86.ActiveCfg = Debug|Any CPU
		{8FE8379A-19E7-4EDA-B6FC-305099252C0A}.Debug|x86.Build.0 = Debug|Any CPU
		{8FE8379A-19E7-4EDA-B6FC-305099252C0A}.Release|Any CPU.ActiveCfg = Release|Any CPU
		{8FE8379A-19E7-4EDA-B6FC-305099252C0A}.Release|Any CPU.Build.0 = Release|Any CPU
		{8FE8379A-19E7-4EDA-B6FC-305099252C0A}.Release|x64.ActiveCfg = Release|Any CPU
		{8FE8379A-19E7-4EDA-B6FC-305099252C0A}.Release|x64.Build.0 = Release|Any CPU
		{8FE8379A-19E7-4EDA-B6FC-305099252C0A}.Release|x86.ActiveCfg = Release|Any CPU
		{8FE8379A-19E7-4EDA-B6FC-305099252C0A}.Release|x86.Build.0 = Release|Any CPU
		{5B19A998-72D2-494C-83AA-7A8AF2A7D02E}.Debug|Any CPU.ActiveCfg = Debug|Any CPU
		{5B19A998-72D2-494C-83AA-7A8AF2A7D02E}.Debug|Any CPU.Build.0 = Debug|Any CPU
		{5B19A998-72D2-494C-83AA-7A8AF2A7D02E}.Debug|x64.ActiveCfg = Debug|Any CPU
		{5B19A998-72D2-494C-83AA-7A8AF2A7D02E}.Debug|x64.Build.0 = Debug|Any CPU
		{5B19A998-72D2-494C-83AA-7A8AF2A7D02E}.Debug|x86.ActiveCfg = Debug|Any CPU
		{5B19A998-72D2-494C-83AA-7A8AF2A7D02E}.Debug|x86.Build.0 = Debug|Any CPU
		{5B19A998-72D2-494C-83AA-7A8AF2A7D02E}.Release|Any CPU.ActiveCfg = Release|Any CPU
		{5B19A998-72D2-494C-83AA-7A8AF2A7D02E}.Release|Any CPU.Build.0 = Release|Any CPU
		{5B19A998-72D2-494C-83AA-7A8AF2A7D02E}.Release|x64.ActiveCfg = Release|Any CPU
		{5B19A998-72D2-494C-83AA-7A8AF2A7D02E}.Release|x64.Build.0 = Release|Any CPU
		{5B19A998-72D2-494C-83AA-7A8AF2A7D02E}.Release|x86.ActiveCfg = Release|Any CPU
		{5B19A998-72D2-494C-83AA-7A8AF2A7D02E}.Release|x86.Build.0 = Release|Any CPU
	EndGlobalSection
	GlobalSection(SolutionProperties) = preSolution
		HideSolutionNode = FALSE
	EndGlobalSection
	GlobalSection(NestedProjects) = preSolution
		{8FE8379A-19E7-4EDA-B6FC-305099252C0A} = {FA986FAB-AD52-40C9-B8F7-02C81E6FBB5E}
	EndGlobalSection
	GlobalSection(ExtensibilityGlobals) = postSolution
		SolutionGuid = {264A170D-4D84-4F8B-AEC1-F8A3BD81CE44}
	EndGlobalSection
EndGlobal
